
Microsoft Visual Studio Solution File, Format Version 11.00
# Visual Studio 2010
Project("{FAE04EC0-301F-11D3-BF4B-00C04F79EFBC}") = "Assembly-CSharp", "Assembly-CSharp.csproj", "{9d230663-77d5-aba3-8857-d3477a162746}"
EndProject
Project("{FAE04EC0-301F-11D3-BF4B-00C04F79EFBC}") = "Assembly-CSharp-firstpass", "Assembly-CSharp-firstpass.csproj", "{4440d820-8eb2-9adc-5b0f-07a77948812d}"
EndProject
Global
	GlobalSection(SolutionConfigurationPlatforms) = preSolution
		Debug|Any CPU = Debug|Any CPU
		Release|Any CPU = Release|Any CPU
	EndGlobalSection
	GlobalSection(ProjectConfigurationPlatforms) = postSolution
		{9d230663-77d5-aba3-8857-d3477a162746}.Debug|Any CPU.ActiveCfg = Debug|Any CPU
		{9d230663-77d5-aba3-8857-d3477a162746}.Debug|Any CPU.Build.0 = Debug|Any CPU
		{9d230663-77d5-aba3-8857-d3477a162746}.Release|Any CPU.ActiveCfg = Release|Any CPU
		{9d230663-77d5-aba3-8857-d3477a162746}.Release|Any CPU.Build.0 = Release|Any CPU
		{4440d820-8eb2-9adc-5b0f-07a77948812d}.Debug|Any CPU.ActiveCfg = Debug|Any CPU
		{4440d820-8eb2-9adc-5b0f-07a77948812d}.Debug|Any CPU.Build.0 = Debug|Any CPU
		{4440d820-8eb2-9adc-5b0f-07a77948812d}.Release|Any CPU.ActiveCfg = Release|Any CPU
		{4440d820-8eb2-9adc-5b0f-07a77948812d}.Release|Any CPU.Build.0 = Release|Any CPU
	EndGlobalSection
	GlobalSection(SolutionProperties) = preSolution
		HideSolutionNode = FALSE
	EndGlobalSection
EndGlobal
